
Microsoft Visual Studio Solution File, Format Version 12.00
# Visual Studio Version 17
VisualStudioVersion = 17.0.31903.59
MinimumVisualStudioVersion = 10.0.40219.1
Project("{FAE04EC0-301F-11D3-BF4B-00C04F79EFBC}") = "Outbooked.Web", "Outbooked.Web\Outbooked.Web.csproj", "{E41C508B-8EA7-496C-8055-63E0D19E4C34}"
EndProject
Project("{FAE04EC0-301F-11D3-BF4B-00C04F79EFBC}") = "Outbooked.API", "Outbooked.API\Outbooked.API.csproj", "{1516522F-9A72-43A2-9768-D18552BD5339}"
EndProject
Project("{FAE04EC0-301F-11D3-BF4B-00C04F79EFBC}") = "Outbooked.Tests", "Outbooked.Tests\Outbooked.Tests.csproj", "{2809A5B5-1B39-414C-A6C5-E61FEC52CCBE}"
EndProject
Project("{2150E333-8FDC-42A3-9474-1A3956D46DE8}") = "Solution Items", "Solution Items", "{8EC462FD-D22E-90A8-E5CE-7E832BA40C5D}"
	ProjectSection(SolutionItems) = preProject
		README.me = README.me
	EndProjectSection
EndProject
Global
	GlobalSection(SolutionConfigurationPlatforms) = preSolution
		Debug|Any CPU = Debug|Any CPU
		Debug|x64 = Debug|x64
		Debug|x86 = Debug|x86
		Release|Any CPU = Release|Any CPU
		Release|x64 = Release|x64
		Release|x86 = Release|x86
	EndGlobalSection
	GlobalSection(ProjectConfigurationPlatforms) = postSolution
		{E41C508B-8EA7-496C-8055-63E0D19E4C34}.Debug|Any CPU.ActiveCfg = Debug|Any CPU
		{E41C508B-8EA7-496C-8055-63E0D19E4C34}.Debug|Any CPU.Build.0 = Debug|Any CPU
		{E41C508B-8EA7-496C-8055-63E0D19E4C34}.Debug|x64.ActiveCfg = Debug|Any CPU
		{E41C508B-8EA7-496C-8055-63E0D19E4C34}.Debug|x64.Build.0 = Debug|Any CPU
		{E41C508B-8EA7-496C-8055-63E0D19E4C34}.Debug|x86.ActiveCfg = Debug|Any CPU
		{E41C508B-8EA7-496C-8055-63E0D19E4C34}.Debug|x86.Build.0 = Debug|Any CPU
		{E41C508B-8EA7-496C-8055-63E0D19E4C34}.Release|Any CPU.ActiveCfg = Release|Any CPU
		{E41C508B-8EA7-496C-8055-63E0D19E4C34}.Release|Any CPU.Build.0 = Release|Any CPU
		{E41C508B-8EA7-496C-8055-63E0D19E4C34}.Release|x64.ActiveCfg = Release|Any CPU
		{E41C508B-8EA7-496C-8055-63E0D19E4C34}.Release|x64.Build.0 = Release|Any CPU
		{E41C508B-8EA7-496C-8055-63E0D19E4C34}.Release|x86.ActiveCfg = Release|Any CPU
		{E41C508B-8EA7-496C-8055-63E0D19E4C34}.Release|x86.Build.0 = Release|Any CPU
		{1516522F-9A72-43A2-9768-D18552BD5339}.Debug|Any CPU.ActiveCfg = Debug|Any CPU
		{1516522F-9A72-43A2-9768-D18552BD5339}.Debug|Any CPU.Build.0 = Debug|Any CPU
		{1516522F-9A72-43A2-9768-D18552BD5339}.Debug|x64.ActiveCfg = Debug|Any CPU
		{1516522F-9A72-43A2-9768-D18552BD5339}.Debug|x64.Build.0 = Debug|Any CPU
		{1516522F-9A72-43A2-9768-D18552BD5339}.Debug|x86.ActiveCfg = Debug|Any CPU
		{1516522F-9A72-43A2-9768-D18552BD5339}.Debug|x86.Build.0 = Debug|Any CPU
		{1516522F-9A72-43A2-9768-D18552BD5339}.Release|Any CPU.ActiveCfg = Release|Any CPU
		{1516522F-9A72-43A2-9768-D18552BD5339}.Release|Any CPU.Build.0 = Release|Any CPU
		{1516522F-9A72-43A2-9768-D18552BD5339}.Release|x64.ActiveCfg = Release|Any CPU
		{1516522F-9A72-43A2-9768-D18552BD5339}.Release|x64.Build.0 = Release|Any CPU
		{1516522F-9A72-43A2-9768-D18552BD5339}.Release|x86.ActiveCfg = Release|Any CPU
		{1516522F-9A72-43A2-9768-D18552BD5339}.Release|x86.Build.0 = Release|Any CPU
		{2809A5B5-1B39-414C-A6C5-E61FEC52CCBE}.Debug|Any CPU.ActiveCfg = Debug|Any CPU
		{2809A5B5-1B39-414C-A6C5-E61FEC52CCBE}.Debug|Any CPU.Build.0 = Debug|Any CPU
		{2809A5B5-1B39-414C-A6C5-E61FEC52CCBE}.Debug|x64.ActiveCfg = Debug|Any CPU
		{2809A5B5-1B39-414C-A6C5-E61FEC52CCBE}.Debug|x64.Build.0 = Debug|Any CPU
		{2809A5B5-1B39-414C-A6C5-E61FEC52CCBE}.Debug|x86.ActiveCfg = Debug|Any CPU
		{2809A5B5-1B39-414C-A6C5-E61FEC52CCBE}.Debug|x86.Build.0 = Debug|Any CPU
		{2809A5B5-1B39-414C-A6C5-E61FEC52CCBE}.Release|Any CPU.ActiveCfg = Release|Any CPU
		{2809A5B5-1B39-414C-A6C5-E61FEC52CCBE}.Release|Any CPU.Build.0 = Release|Any CPU
		{2809A5B5-1B39-414C-A6C5-E61FEC52CCBE}.Release|x64.ActiveCfg = Release|Any CPU
		{2809A5B5-1B39-414C-A6C5-E61FEC52CCBE}.Release|x64.Build.0 = Release|Any CPU
		{2809A5B5-1B39-414C-A6C5-E61FEC52CCBE}.Release|x86.ActiveCfg = Release|Any CPU
		{2809A5B5-1B39-414C-A6C5-E61FEC52CCBE}.Release|x86.Build.0 = Release|Any CPU
	EndGlobalSection
	GlobalSection(SolutionProperties) = preSolution
		HideSolutionNode = FALSE
	EndGlobalSection
	GlobalSection(ExtensibilityGlobals) = postSolution
		SolutionGuid = {55870001-A855-4C15-9A30-BA230F3A4AE2}
	EndGlobalSection
EndGlobal
